
Microsoft Visual Studio Solution File, Format Version 12.00
# Visual Studio Version 17
VisualStudioVersion = 17.3.32901.215
MinimumVisualStudioVersion = 10.0.40219.1
Project("{FAE04EC0-301F-11D3-BF4B-00C04F79EFBC}") = "CoffeeMaker", "CoffeeMaker\CoffeeMaker.csproj", "{81A62FDA-D2DD-4EE3-8EA1-CCC3D14F1A37}"
EndProject
Project("{FAE04EC0-301F-11D3-BF4B-00C04F79EFBC}") = "CoffeeMakerTest", "CoffeeMakerTest\CoffeeMakerTest.csproj", "{8F764A5E-432C-42D0-9CFF-CB3B1EDEB15A}"
EndProject
Global
	GlobalSection(SolutionConfigurationPlatforms) = preSolution
		Debug|Any CPU = Debug|Any CPU
		Release|Any CPU = Release|Any CPU
	EndGlobalSection
	GlobalSection(ProjectConfigurationPlatforms) = postSolution
		{81A62FDA-D2DD-4EE3-8EA1-CCC3D14F1A37}.Debug|Any CPU.ActiveCfg = Debug|Any CPU
		{81A62FDA-D2DD-4EE3-8EA1-CCC3D14F1A37}.Debug|Any CPU.Build.0 = Debug|Any CPU
		{81A62FDA-D2DD-4EE3-8EA1-CCC3D14F1A37}.Release|Any CPU.ActiveCfg = Release|Any CPU
		{81A62FDA-D2DD-4EE3-8EA1-CCC3D14F1A37}.Release|Any CPU.Build.0 = Release|Any CPU
		{8F764A5E-432C-42D0-9CFF-CB3B1EDEB15A}.Debug|Any CPU.ActiveCfg = Debug|Any CPU
		{8F764A5E-432C-42D0-9CFF-CB3B1EDEB15A}.Debug|Any CPU.Build.0 = Debug|Any CPU
		{8F764A5E-432C-42D0-9CFF-CB3B1EDEB15A}.Release|Any CPU.ActiveCfg = Release|Any CPU
		{8F764A5E-432C-42D0-9CFF-CB3B1EDEB15A}.Release|Any CPU.Build.0 = Release|Any CPU
	EndGlobalSection
	GlobalSection(SolutionProperties) = preSolution
		HideSolutionNode = FALSE
	EndGlobalSection
	GlobalSection(ExtensibilityGlobals) = postSolution
		SolutionGuid = {A753976A-DC8D-4FB0-B90F-DFE7D7EBA4EA}
	EndGlobalSection
EndGlobal
